cloud.google.com/go v0.20.0 h1:D707FQBc0c3jq/+j53Ekt8y32u/u+/2yiWYzyFuv3fU=
cloud.google.com/go v0.20.0/go.mod h1:aQUYkXzVsufM+DwF1aE+0xfcU+56JwCaLick0ClmMTw=
github.com/DataDog/datadog-go v0.0.0-20170427165718-0ddda6bee211 h1:hOSWYZBOWXZwYN+huYLFKsb4f6uohHgpx6cLlAXOqjA=
github.com/DataDog/datadog-go v0.0.0-20170427165718-0ddda6bee211/go.mod h1:LButxg5PwREeZtORoXG3tL4fMGNddJ+vMq1mwgfaqoQ=
github.com/apache/thrift v0.0.0-20161221203622-b2a4d4ae21c7 h1:Fv9bK1Q+ly/ROk4aJsVMeuIwPel4bEnD8EPiI91nZMg=
github.com/apache/thrift v0.0.0-20161221203622-b2a4d4ae21c7/go.mod h1:cp2SuWMxlEZw2r+iP2GNCdIi4C1qmUzdZFSVb+bacwQ=
github.com/asaskevich/govalidator v0.0.0-20180315120708-ccb8e960c48f h1:y2hSFdXeA1y5z5f0vfNO0Dg5qVY036qzlz3Pds0B92o=
github.com/asaskevich/govalidator v0.0.0-20180315120708-ccb8e960c48f/go.mod h1:lB+ZfQJz7igIIfQNfa7Ml4HSf2uFQQRzpGGRXenZAgY=
github.com/bsm/redis-lock v6.0.0+incompatible h1:d0xI3kIfcxOA0Zx/fowYbf7eE5AYhQRt6eCxAQKMK2c=
github.com/bsm/redis-lock v6.0.0+incompatible/go.mod h1:8dGkQ5GimBCahwF2R67tqGCJbyDZSp0gzO7wq3pDrik=
github.com/buger/jsonparser v0.0.0-20160922145946-f04e003e4115 h1:M2IjgBSweeigJ436gqVAQ8KYKdwrdQ91IV5HTamh3Co=
github.com/buger/jsonparser v0.0.0-20160922145946-f04e003e4115/go.mod h1:bbYlZJ7hK1yFx9hf58LP0zeX7UjIGs20ufpu3evjr+s=
github.com/certifi/gocertifi v0.0.0-20160926115448-a61bf5eafa3a h1:zmAIZ9hpjwOsxZ/no776lftrcUR2w0lPiDq3tOBZjh4=
github.com/certifi/gocertifi v0.0.0-20160926115448-a61bf5eafa3a/go.mod h1:GJKEexRPVJrBSOjoqN5VNOIKJ5Q3RViH6eu3puDRwx4=
github.com/codahale/hdrhistogram v0.0.0-20161010025455-3a0bb77429bd h1:qMd81Ts1T2OTKmB4acZcyKaMtRnY5Y44NuXGX2GFJ1w=
github.com/codahale/hdrhistogram v0.0.0-20161010025455-3a0bb77429bd/go.mod h1:sE/e/2PUdi/liOCUjSTXgM1o87ZssimdTWN964YiIeI=
github.com/dgrijalva/jwt-go v3.1.0+incompatible h1:FFziAwDQQ2dz1XClWMkwvukur3evtZx7x/wMHKM1i20=
github.com/dgrijalva/jwt-go v3.1.0+incompatible/go.mod h1:E3ru+11k8xSBh+hMPgOLZmtrrCbhqsmaPHjLKYnJCaQ=
github.com/fsnotify/fsnotify v1.4.1 h1:eFkOCdozfhibgldtd1nfPgoQJDlDwJt4n6DRqtIZ0z0=
github.com/fsnotify/fsnotify v1.4.1/go.mod h1:jwhsz4b93w/PPRr/qN1Yymfu8t87LnFCMoQvtojpjFo=
github.com/getsentry/raven-go v0.0.0-20160908232054-379f8d0a68ca h1:DCtpgyapy6fFrev6ry6y+miGQJGZI3nHy0dJWOzxF44=
github.com/getsentry/raven-go v0.0.0-20160908232054-379f8d0a68ca/go.mod h1:KungGk8q33+aIAZUIVWZDr2OfAEBsO49PX4NzFV5kcQ=
github.com/go-pg/pg v6.13.5+incompatible h1:8ueI0VreeKdzjSxoUQ+khzvyvUcteEsERmEmXGFOsF8=
github.com/go-pg/pg v6.13.5+incompatible/go.mod h1:a2oXow+aFOrvwcKs3eIA0lNFmMilrxK2sOkB5NWe0vA=
github.com/go-redis/redis v6.9.2+incompatible h1:MVgCaS3M+wCWYl35FC6gxth/VChBBaVY1x+OUixRiKA=
github.com/go-redis/redis v6.9.2+incompatible/go.mod h1:NAIEuMOZ/fxfXJIrKDQDz8wamY7mA7PouImQ2Jvg6kA=
github.com/golang/mock v1.1.1/go.mod h1:oTYuIxOrZwtPieC+H1uAHpcLFnEyAGVDL/k47Jfbm0A=
github.com/golang/protobuf v1.0.0/go.mod h1:6lQm79b+lXiMfvg/cZm0SGofjICqVBUtrP5yJMmIC1U=
github.com/gorilla/context v0.0.0-20160226214623-1ea25387ff6f/go.mod h1:kBGZzfjB9CEq2AlWe17Uuf7NDRt0dE0s8S51q0aT7Yg=
github.com/gorilla/mux v1.6.1 h1:KOwqsTYZdeuMacU7CxjMNYEKeBvLbxW+psodrbcEa3A=
github.com/gorilla/mux v1.6.1/go.mod h1:1lud6UwP+6orDFRuTfBEV8e9/aOM/c4fVVCaMa2zaAs=
github.com/gosuri/uilive v0.0.0-20160202011846-efb88ccd0599/go.mod h1:qkLSc0A5EXSP6B04TrN4oQoxqFI7A8XvoXSlJi8cwk8=
github.com/gosuri/uiprogress v0.0.0-20160202012259-a9f819bfc744/go.mod h1:C1RTYn4Sc7iEyf6j8ft5dyoZ4212h8G1ol9QQluh5+0=
github.com/hashicorp/hcl v0.0.0-20160916130100-ef8133da8cda h1:itWS1A5qekCk9zuBVRDiUE2Zmg25Wgp08tQP/Xcv5KE=
github.com/hashicorp/hcl v0.0.0-20160916130100-ef8133da8cda/go.mod h1:oZtUIOe8dh44I2q6ScRibXws4Ajl+d+nod3AaR9vL5w=
github.com/inconshreveable/mousetrap v1.0.0/go.mod h1:PxqpIevigyE2G7u3NXJIT2ANytuPF1OarO4DADm73n8=
github.com/jinzhu/inflection v0.0.0-20180308033659-04140366298a h1:eeaG9XMUvRBYXJi4pg1ZKM7nxc5AfXfojeLLW7O5J3k=
github.com/jinzhu/inflection v0.0.0-20180308033659-04140366298a/go.mod h1:h+uFLlag+Qp1Va5pdKtLDYj+kHp5pxUVkryuEj+Srlc=
github.com/klauspost/compress v0.0.0-20160919184342-d0763f13d86e h1:ySs7YPBMaAjN4kyc5AdAj3AktRGGXj8UsNHe3jyiUvA=
github.com/klauspost/compress v0.0.0-20160919184342-d0763f13d86e/go.mod h1:RyIbtBH6LamlWaDj8nUwkbUhJ87Yi3uG0guNDohfE1A=
github.com/klauspost/cpuid v0.0.0-20160302075316-09cded8978dc h1:WW8B7p7QBnFlqRVv/k6ro/S8Z7tCnYjJHcQNScx9YVs=
github.com/klauspost/cpuid v0.0.0-20160302075316-09cded8978dc/go.mod h1:Pj4uuM528wm8OyEC2QMXAi2YiTZ96dNQPGgoMS4s3ek=
github.com/klauspost/crc32 v0.0.0-20160219142609-19b0b332c9e4 h1:0jrD8pR/1NKAvCBLkGl3sBjJbSiUwHKvqrXChkVIDPQ=
github.com/klauspost/crc32 v0.0.0-20160219142609-19b0b332c9e4/go.mod h1:+ZoRqAPRLkC4NPOvfYeR5KNOrY6TD+/sAC3HXPZgDYg=
github.com/kr/fs v0.0.0-20131111012553-2788f0dbd169 h1:YUrU1/jxRqnt0PSrKj1Uj/wEjk/fjnE80QFfi2Zlj7Q=
github.com/kr/fs v0.0.0-20131111012553-2788f0dbd169/go.mod h1:glhvuHOU9Hy7/8PwwdtnarXqLagOX0b/TbZx2zLMqEg=
github.com/labstack/echo v2.2.0+incompatible h1:WHGirux72mcAqh0rDGCNqhMkIF2VxCJjFsrOuqi+5hk=
github.com/labstack/echo v2.2.0+incompatible/go.mod h1:0INS7j/VjnFxD4E2wkz67b8cVwCLbBmJyDaka6Cmk1s=
github.com/labstack/gommon v0.0.0-20160819151315-431777a5117c h1:npCuA8I+/MJyrg0E1uqHLEZt1B98claQyELZHEuW7Qc=
github.com/labstack/gommon v0.0.0-20160819151315-431777a5117c/go.mod h1:/tj9csK2iPSBvn+3NLM9e52usepMtrd5ilFYA+wQNJ4=
github.com/magiconair/properties v0.0.0-20160908093658-0723e352fa35 h1:lKVye3pqP9/O2EuIorT0CivWJM3vMzS63kStsgONluY=
github.com/magiconair/properties v0.0.0-20160908093658-0723e352fa35/go.mod h1:PppfXfuXeibc/6YijjN8zIbojt8czPbwD3XqdrwzmxQ=
github.com/mailru/easyjson v0.0.0-20180307130605-4a8a4c12c4d1 h1:DrKTszsfjnrlh1iKZxNCtdK/E5A9C98qYgAz3OMUA7E=
github.com/mailru/easyjson v0.0.0-20180307130605-4a8a4c12c4d1/go.mod h1:C1wdFJiN94OJF2b5HbByQZoLdCWB1Yqtg26g4irojpc=
github.com/mattn/go-colorable v0.0.0-20160930084157-6c903ff4aa50 h1:Mg175F5o8rjbNEx8FBjij/hDC/fzJpDLFa6GK9cZ5zY=
github.com/mattn/go-colorable v0.0.0-20160930084157-6c903ff4aa50/go.mod h1:9vuHe8Xs5qXnSaW/c/ABM9alt+Vo+STaOChaDxuIBZU=
github.com/mattn/go-isatty v0.0.0-20160806122752-66b8e73f3f5c h1:3nKFouDdpgGUV/uerJcYWH45ZbJzX0SiVWfTgmUeTzc=
github.com/mattn/go-isatty v0.0.0-20160806122752-66b8e73f3f5c/go.mod h1:M+lRXTBqGeGNdLjl/ufCoiOlB5xdOkqRJdNxMWT7Zi4=
github.com/mitchellh/mapstructure v0.0.0-20160808181253-ca63d7c062ee h1:kK7VuFVykgt0LfMSloWYjDOt4TnOcL0AxF0/rDq2VkM=
github.com/mitchellh/mapstructure v0.0.0-20160808181253-ca63d7c062ee/go.mod h1:FVVH3fgwuzCH5S8UJGiWEs2h04kUh9fWfEaFds41c1Y=
github.com/newrelic/go-agent v1.11.0 h1:jnd8+H6dB+93UTJHFT1wJoij5spKNN/xZ0nkw0kvt7o=
github.com/newrelic/go-agent v1.11.0/go.mod h1:a8Fv1b/fYhFSReoTU6HDkTYIMZeSVNffmoS726Y0LzQ=
github.com/onsi/ginkgo v0.0.0-20160926211803-45a5f6ffb2a1/go.mod h1:lLunBs/Ym6LB5Z9jYTR76FiuTmxDTDusOGeTQH+WWjE=
github.com/onsi/gomega v0.0.0-20160911051023-d59fa0ac68bb/go.mod h1:C1qb7wdrVGGVU+Z6iS04AVkA3Q65CEZX59MT0QO5uiA=
github.com/opentracing/opentracing-go v1.0.2 h1:3jA2P6O1F9UOrWVpwrIo17pu01KWvNWg4X946/Y5Zwg=
github.com/opentracing/opentracing-go v1.0.2/go.mod h1:UkNAQd3GIcIGf0SeVgPpRdFStlNbqXla1AfSYxPUl2o=
github.com/pelletier/go-buffruneio v0.1.0 h1:ig6N9Cg71k/P+UUbhwdOFtJWz+qa8/3by7AzMprMWBM=
github.com/pelletier/go-buffruneio v0.1.0/go.mod h1:JkE26KsDizTr40EUHkXVtNPvgGtbSNq5BcowyYOWdKo=
github.com/pelletier/go-toml v0.0.0-20160920070715-45932ad32dfd h1:q15USn4nXE1MA4BqxNLfedIZzRYCirdZ0yD2/FLlEXw=
github.com/pelletier/go-toml v0.0.0-20160920070715-45932ad32dfd/go.mod h1:5z9KED0ma1S8pY6P1sdut58dfprrGBbd/94hg7ilaic=
github.com/pkg/errors v0.0.0-20161002052512-839d9e913e06 h1:gKQKvMjnwDvwtZxyd2HDEDNNMRkjbPN1V89eOLqovSU=
github.com/pkg/errors v0.0.0-20161002052512-839d9e913e06/go.mod h1:bwawxfHBFNV+L2hUp1rHADufV3IMtnDRdf1r5NINEl0=
github.com/pkg/sftp v0.0.0-20160930220758-4d0e916071f6 h1:V8AT/I4KmIDRfObq0yBUvbD4DeaYmQY9GhC5sKl24Mo=
github.com/pkg/sftp v0.0.0-20160930220758-4d0e916071f6/go.mod h1:NxmoDg/QLVWluQDUYG7XBZTLUpKeFa8e3aMf1BfjyHk=
github.com/rcrowley/go-metrics v0.0.0-20160921195207-ab2277b1c5d1 h1:o3iE/D0GA2nwRj95T5eN81lBzOYyxUieqZ+7gSQXRoc=
github.com/rcrowley/go-metrics v0.0.0-20160921195207-ab2277b1c5d1/go.mod h1:bCqnVzQkZxMG4s8nGwiZ5l3QUCyqpo9Y+/ZMZ9VjZe4=
github.com/satori/go.uuid v1.2.0 h1:0uYX9dsZ2yD7q2RtLRtPSdGDWzjeM3TbMJP9utgA0ww=
github.com/satori/go.uuid v1.2.0/go.mod h1:dA0hQrYB0VpLJoorglMZABFdXlWrHn1NEOzdhQKdks0=
github.com/sirupsen/logrus v1.0.5 h1:8c8b5uO0zS4X6RPl/sd1ENwSkIc0/H2PaHxE3udaE8I=
github.com/sirupsen/logrus v1.0.5/go.mod h1:pMByvHTf9Beacp5x1UXfOR9xyW/9antXMhjMPG0dEzc=
github.com/spf13/afero v0.0.0-20160919210114-52e4a6cfac46 h1:oJAUI67mq3xuqudgt8CGd+pkKPML8+AoFWzP1vPYHFc=
github.com/spf13/afero v0.0.0-20160919210114-52e4a6cfac46/go.mod h1:j4pytiNVoe2o6bmDsKpLACNPDBIoEAkihy7loJ1B0CQ=
github.com/spf13/cast v0.0.0-20160926084249-2580bc98dc0e h1:+axhEi83O3FFcwP/e9t09UHRmV1zZFl8RsgtO0zuZhY=
github.com/spf13/cast v0.0.0-20160926084249-2580bc98dc0e/go.mod h1:r2rcYCSwa1IExKTDiTfzaxqT2FNHs8hODu4LnUfgKEg=
github.com/spf13/cobra v0.0.0-20160830174925-9c28e4bbd74e h1:YdP6GKJS0Ls++kXc85WCCX2ArKToqixBwpBrWP/5J/k=
github.com/spf13/cobra v0.0.0-20160830174925-9c28e4bbd74e/go.mod h1:1l0Ry5zgKvJasoi3XT1TypsSe7PqH0Sj9dhYf7v3XqQ=
github.com/spf13/jwalterweatherman v0.0.0-20160311093646-33c24e77fb80 h1:evyGXhHMrxKBDkdlSPv9HMWV2o53o+Ibhm28BGc0450=
github.com/spf13/jwalterweatherman v0.0.0-20160311093646-33c24e77fb80/go.mod h1:cQK4TGJAtQXfYWX+Ddv3mKDzgVb68N+wFjFa4jdeBTo=
github.com/spf13/pflag v0.0.0-20161006165340-b83537d79690 h1:Bdnmugtp7d+313Q8mQLg58D9N6dK61GUMRXgXsj2Sz0=
github.com/spf13/pflag v0.0.0-20161006165340-b83537d79690/go.mod h1:DYY7MBk1bdzusC3SYhjObp+wFpr4gzcvqqNjLnInEg4=
github.com/spf13/viper v1.0.0 h1:RUA/ghS2i64rlnn4ydTfblY8Og8QzcPtCcHvgMn+w/I=
github.com/spf13/viper v1.0.0/go.mod h1:A8kyI5cUJhb8N+3pkfONlcEcZbueH6nhAm0Fq7SrnBM=
github.com/topfreegames/extensions v6.2.1+incompatible h1:vgReLBlJlIevZ7Hb5z6YTmArxdMQSkCQZD5Q1Gxy53g=
github.com/topfreegames/extensions v6.2.1+incompatible/go.mod h1:VbIAks7aNbkANieZyVShAV3FSxEbV6useS4r3neXVzc=
github.com/uber-go/atomic v1.0.0 h1:yQsJHvJrBSc9oOPPtsGgukSmaboLPokUVCYPRDBC9g8=
github.com/uber-go/atomic v1.0.0/go.mod h1:/Ct5t2lcmbJ4OSe/waGBoaVvVqtO0bmtfVNex1PFV8g=
github.com/uber/jaeger-client-go v2.11.2+incompatible h1:D2idO5gYBl+40qnsowJaqtwCV6z1rxYy2yhYBh3mVvI=
github.com/uber/jaeger-client-go v2.11.2+incompatible/go.mod h1:WVhlPFC8FDjOFMMWRy2pZqQJSXxYSwNYOkTr/Z6d3Kk=
github.com/uber/jaeger-lib v1.4.0 h1:FiI99eCazm7u6tdv4Z+9sBXNrC9sHz43kfKIJaCDqCE=
github.com/uber/jaeger-lib v1.4.0/go.mod h1:ComeNDZlWwrWnDv8aPp0Ba6+uUTzImX/AauajbLI56U=
github.com/valyala/bytebufferpool v1.0.0 h1:GqA5TC/0021Y/b9FG4Oi9Mr3q7XYx6KllzawFIhcdPw=
github.com/valyala/bytebufferpool v1.0.0/go.mod h1:6bBcMArwyJ5K/AmCkWv1jt77kVWyCJ6HpOuEn7z0Csc=
github.com/valyala/fasthttp v0.0.0-20161005094451-07f692d02d61 h1:12WbdoBAl54bBFmK4NZXr7qfapdU3M6IqoDBJ9QPc0U=
github.com/valyala/fasthttp v0.0.0-20161005094451-07f692d02d61/go.mod h1:+g/po7GqyG5E+1CNgquiIxJnsXEi5vwFn5weFujbO78=
github.com/valyala/fasttemplate v0.0.0-20160315193134-3b874956e03f h1:qL0GulPcltegqmwdnhakM62NW+QeDQ+p1OpfnG8ExQ8=
github.com/valyala/fasttemplate v0.0.0-20160315193134-3b874956e03f/go.mod h1:50wTf68f99/Zt14pr046Tgt3Lp2vLyFZKzbFXTOabXw=
go.uber.org/zap v0.0.0-20160929230216-c4939d1166b2 h1:PbyEqx+Vn7/uTCAsYw15x1zPgclSAk8XaiXn4hiNifQ=
go.uber.org/zap v0.0.0-20160929230216-c4939d1166b2/go.mod h1:vwi/ZaCAaUcBkycHslxD9B2zi4UTXhF60s6SWpuDF0Q=
golang.org/x/crypto v0.0.0-20161004213340-7682e7e39451 h1:qLBQLZOgmot9/BBntaIumHtnh6nD5u0MaWBQratK58I=
golang.org/x/crypto v0.0.0-20161004213340-7682e7e39451/go.mod h1:6SG95UA2DQfeDnfUPMdvaQW0Q7yPrPDi9nlGo2tz2b4=
golang.org/x/net v0.0.0-20161006035005-2a824cf92260 h1:KMpBWBYSiWoFHfR4p4JyarPz6NikgJ1QLhagsUndIH0=
golang.org/x/net v0.0.0-20161006035005-2a824cf92260/go.mod h1:mL1N/T3taQHkDXs73rZJwtUhF3w3ftmwwsq0BUmARs4=
golang.org/x/oauth2 v0.0.0-20180314180239-fdc9e635145a h1:vnrksSpEGaRXtItKmKwom9Y/vzKSeiMPjj2C5TOVUdg=
golang.org/x/oauth2 v0.0.0-20180314180239-fdc9e635145a/go.mod h1:N/0e6XlmueqKjAGxoOufVs8QHGRruUQn6yWY3a++T0U=
golang.org/x/sys v0.0.0-20161006025142-8d1157a43547 h1:lieXmNKpDj68llh9S3E0TfOPO3kHHn5jt5d/2nmylEc=
golang.org/x/sys v0.0.0-20161006025142-8d1157a43547/go.mod h1:STP8DvDyc/dI5b8T5hshtkjS+E42TnysNCUPdjciGhY=
golang.org/x/text v0.0.0-20161006134012-7b68e1fe5400 h1:AcEfGWiKs7UME944WxjVGONFoPtp0c1YhLnVe/unwZ4=
golang.org/x/text v0.0.0-20161006134012-7b68e1fe5400/go.mod h1:NqM8EUOU14njkJ3fqMW+pc6Ldnwhi/IjpwHt7yyuwOQ=
google.golang.org/appengine v1.0.0/go.mod h1:EbEs0AVv82hx2wNQdGPgUI5lhzA/G0D9YwlJXL52JkM=
gopkg.in/jarcoal/httpmock.v1 v1.0.0-20180304133419-61bcb58a0752/go.mod h1:d3R+NllX3X5e0zlG1Rful3uLvsGC/Q3OHut5464DEQw=
gopkg.in/yaml.v2 v2.0.0-20160928153709-a5b47d31c556 h1:hKXbLW5oaJoQgs8KrzTLdF4PoHi+0oQPgea9TNtvE3E=
gopkg.in/yaml.v2 v2.0.0-20160928153709-a5b47d31c556/go.mod h1:JAlM8MvJe8wmxCU4Bli9HhUf9+ttbYbLASfIpnQbh74=
